
Microsoft Visual Studio Solution File, Format Version 11.00
# Visual Studio 2010
Project("{FAE04EC0-301F-11D3-BF4B-00C04F79EFBC}") = "Assembly-CSharp", "Assembly-CSharp.csproj", "{5591ff15-7e46-aa02-1313-e35131ecd9cb}"
EndProject
Project("{FAE04EC0-301F-11D3-BF4B-00C04F79EFBC}") = "Substance.EditorHelper", "Substance.EditorHelper.csproj", "{4ccaea69-bb19-9e48-1abc-c5005563813e}"
EndProject
Project("{FAE04EC0-301F-11D3-BF4B-00C04F79EFBC}") = "Substance.Platform", "Substance.Platform.csproj", "{4c176b98-0488-3392-b1a9-110fe0ce4248}"
EndProject
Project("{FAE04EC0-301F-11D3-BF4B-00C04F79EFBC}") = "Assembly-CSharp-Editor", "Assembly-CSharp-Editor.csproj", "{285c8437-a82f-1196-8dc6-ce9b74c78761}"
EndProject
Global
	GlobalSection(SolutionConfigurationPlatforms) = preSolution
		Debug|Any CPU = Debug|Any CPU
	EndGlobalSection
	GlobalSection(ProjectConfigurationPlatforms) = postSolution
		{5591ff15-7e46-aa02-1313-e35131ecd9cb}.Debug|Any CPU.ActiveCfg = Debug|Any CPU
		{5591ff15-7e46-aa02-1313-e35131ecd9cb}.Debug|Any CPU.Build.0 = Debug|Any CPU
		{4ccaea69-bb19-9e48-1abc-c5005563813e}.Debug|Any CPU.ActiveCfg = Debug|Any CPU
		{4ccaea69-bb19-9e48-1abc-c5005563813e}.Debug|Any CPU.Build.0 = Debug|Any CPU
		{4c176b98-0488-3392-b1a9-110fe0ce4248}.Debug|Any CPU.ActiveCfg = Debug|Any CPU
		{4c176b98-0488-3392-b1a9-110fe0ce4248}.Debug|Any CPU.Build.0 = Debug|Any CPU
		{285c8437-a82f-1196-8dc6-ce9b74c78761}.Debug|Any CPU.ActiveCfg = Debug|Any CPU
		{285c8437-a82f-1196-8dc6-ce9b74c78761}.Debug|Any CPU.Build.0 = Debug|Any CPU
	EndGlobalSection
	GlobalSection(SolutionProperties) = preSolution
		HideSolutionNode = FALSE
	EndGlobalSection
EndGlobal
